
Microsoft Visual Studio Solution File, Format Version 11.00
# Visual Studio 2010
Project("{FAE04EC0-301F-11D3-BF4B-00C04F79EFBC}") = "MvcContrib.TestHelper", "MvcContrib.TestHelper.csproj", "{F2A3F400-A20E-4B83-959B-EBD14D6C143E}"
EndProject
Global
	GlobalSection(SolutionConfigurationPlatforms) = preSolution
		Debug|Any CPU = Debug|Any CPU
		Release|Any CPU = Release|Any CPU
	EndGlobalSection
	GlobalSection(ProjectConfigurationPlatforms) = postSolution
		{F2A3F400-A20E-4B83-959B-EBD14D6C143E}.Debug|Any CPU.ActiveCfg = Debug|Any CPU
		{F2A3F400-A20E-4B83-959B-EBD14D6C143E}.Debug|Any CPU.Build.0 = Debug|Any CPU
		{F2A3F400-A20E-4B83-959B-EBD14D6C143E}.Release|Any CPU.ActiveCfg = Release|Any CPU
		{F2A3F400-A20E-4B83-959B-EBD14D6C143E}.Release|Any CPU.Build.0 = Release|Any CPU
	EndGlobalSection
	GlobalSection(SolutionProperties) = preSolution
		HideSolutionNode = FALSE
	EndGlobalSection
EndGlobal
